
Microsoft Visual Studio Solution File, Format Version 12.00
# Visual Studio Version 17
VisualStudioVersion = 17.5.33424.131
MinimumVisualStudioVersion = 10.0.40219.1
Project("{FAE04EC0-301F-11D3-BF4B-00C04F79EFBC}") = "Geommeetryy", "Geommeetryy.csproj", "{A41FF485-26E9-4ACF-B895-D673093E0E81}"
EndProject
Global
	GlobalSection(SolutionConfigurationPlatforms) = preSolution
		Debug|Any CPU = Debug|Any CPU
		Release|Any CPU = Release|Any CPU
	EndGlobalSection
	GlobalSection(ProjectConfigurationPlatforms) = postSolution
		{A41FF485-26E9-4ACF-B895-D673093E0E81}.Debug|Any CPU.ActiveCfg = Debug|Any CPU
		{A41FF485-26E9-4ACF-B895-D673093E0E81}.Debug|Any CPU.Build.0 = Debug|Any CPU
		{A41FF485-26E9-4ACF-B895-D673093E0E81}.Release|Any CPU.ActiveCfg = Release|Any CPU
		{A41FF485-26E9-4ACF-B895-D673093E0E81}.Release|Any CPU.Build.0 = Release|Any CPU
	EndGlobalSection
	GlobalSection(SolutionProperties) = preSolution
		HideSolutionNode = FALSE
	EndGlobalSection
	GlobalSection(ExtensibilityGlobals) = postSolution
		SolutionGuid = {0D1E0520-42AE-4BE1-8DEA-79CDFFACC59B}
	EndGlobalSection
EndGlobal
